// !$*UTF8*$!
{
	archiveVersion = 1;
	classes = {
	};
	objectVersion = 50;
	objects = {

/* Begin PBXBuildFile section */
		770AF86B7E0706FC23FF2224 /* Pods_shuttleX.framework in Frameworks */ = {isa = PBXBuildFile; fileRef = 1CC382BA5613B0ED6CB62FC2 /* Pods_shuttleX.framework */; };
		A60941632331465C0020C58C /* AppDelegate.swift in Sources */ = {isa = PBXBuildFile; fileRef = A60941622331465C0020C58C /* AppDelegate.swift */; };
		A60941682331465E0020C58C /* Main.storyboard in Resources */ = {isa = PBXBuildFile; fileRef = A60941662331465E0020C58C /* Main.storyboard */; };
		A609417223368A9F0020C58C /* Assets.xcassets in Resources */ = {isa = PBXBuildFile; fileRef = A609417123368A9F0020C58C /* Assets.xcassets */; };
		A609417423368CDA0020C58C /* MainMenu.xib in Resources */ = {isa = PBXBuildFile; fileRef = A609417323368CDA0020C58C /* MainMenu.xib */; };
		A609417823368D4E0020C58C /* StatusMenu.xib in Resources */ = {isa = PBXBuildFile; fileRef = A609417723368D4E0020C58C /* StatusMenu.xib */; };
		A609417B23368E290020C58C /* GeoLite2-Country.mmdb in Resources */ = {isa = PBXBuildFile; fileRef = A609417A23368E280020C58C /* GeoLite2-Country.mmdb */; };
		A609417E2336A08F0020C58C /* StatusMenu.swift in Sources */ = {isa = PBXBuildFile; fileRef = A609417D2336A08F0020C58C /* StatusMenu.swift */; };
		A60941892337C2B50020C58C /* Shuttle.a in Frameworks */ = {isa = PBXBuildFile; fileRef = A60941872337C2B50020C58C /* Shuttle.a */; };
		A657ED0F233927EC00169060 /* ProxySettings.swift in Sources */ = {isa = PBXBuildFile; fileRef = A657ED0E233927EC00169060 /* ProxySettings.swift */; };
		A657ED12233950B500169060 /* Helper.swift in Sources */ = {isa = PBXBuildFile; fileRef = A657ED11233950B500169060 /* Helper.swift */; };
/* End PBXBuildFile section */

/* Begin PBXFileReference section */
		1CC382BA5613B0ED6CB62FC2 /* Pods_shuttleX.framework */ = {isa = PBXFileReference; explicitFileType = wrapper.framework; includeInIndex = 0; path = Pods_shuttleX.framework; sourceTree = BUILT_PRODUCTS_DIR; };
		A609415F2331465C0020C58C /* shuttleX.app */ = {isa = PBXFileReference; explicitFileType = wrapper.application; includeInIndex = 0; path = shuttleX.app; sourceTree = BUILT_PRODUCTS_DIR; };
		A60941622331465C0020C58C /* AppDelegate.swift */ = {isa = PBXFileReference; lastKnownFileType = sourcecode.swift; path = AppDelegate.swift; sourceTree = "<group>"; };
		A60941672331465E0020C58C /* Base */ = {isa = PBXFileReference; lastKnownFileType = file.storyboard; name = Base; path = Base.lproj/Main.storyboard; sourceTree = "<group>"; };
		A60941692331465E0020C58C /* Info.plist */ = {isa = PBXFileReference; lastKnownFileType = text.plist.xml; path = Info.plist; sourceTree = "<group>"; };
		A609416A2331465E0020C58C /* shuttleX.entitlements */ = {isa = PBXFileReference; lastKnownFileType = text.plist.entitlements; path = shuttleX.entitlements; sourceTree = "<group>"; };
		A609417123368A9F0020C58C /* Assets.xcassets */ = {isa = PBXFileReference; lastKnownFileType = folder.assetcatalog; path = Assets.xcassets; sourceTree = "<group>"; };
		A609417323368CDA0020C58C /* MainMenu.xib */ = {isa = PBXFileReference; lastKnownFileType = file.xib; path = MainMenu.xib; sourceTree = "<group>"; };
		A609417723368D4E0020C58C /* StatusMenu.xib */ = {isa = PBXFileReference; lastKnownFileType = file.xib; path = StatusMenu.xib; sourceTree = "<group>"; };
		A609417A23368E280020C58C /* GeoLite2-Country.mmdb */ = {isa = PBXFileReference; lastKnownFileType = file; path = "GeoLite2-Country.mmdb"; sourceTree = "<group>"; };
		A609417D2336A08F0020C58C /* StatusMenu.swift */ = {isa = PBXFileReference; lastKnownFileType = sourcecode.swift; path = StatusMenu.swift; sourceTree = "<group>"; };
		A60941862337B7130020C58C /* Shuttle-Bridging-Header.h */ = {isa = PBXFileReference; lastKnownFileType = sourcecode.c.h; path = "Shuttle-Bridging-Header.h"; sourceTree = "<group>"; };
		A60941872337C2B50020C58C /* Shuttle.a */ = {isa = PBXFileReference; lastKnownFileType = archive.ar; path = Shuttle.a; sourceTree = "<group>"; };
		A60941882337C2B50020C58C /* Shuttle.h */ = {isa = PBXFileReference; fileEncoding = 4; lastKnownFileType = sourcecode.c.h; path = Shuttle.h; sourceTree = "<group>"; };
		A657ED0E233927EC00169060 /* ProxySettings.swift */ = {isa = PBXFileReference; lastKnownFileType = sourcecode.swift; path = ProxySettings.swift; sourceTree = "<group>"; };
		A657ED11233950B500169060 /* Helper.swift */ = {isa = PBXFileReference; lastKnownFileType = sourcecode.swift; path = Helper.swift; sourceTree = "<group>"; };
		AE3B4AFB98B009B93E89E35D /* Pods-shuttleX.release.xcconfig */ = {isa = PBXFileReference; includeInIndex = 1; lastKnownFileType = text.xcconfig; name = "Pods-shuttleX.release.xcconfig"; path = "Target Support Files/Pods-shuttleX/Pods-shuttleX.release.xcconfig"; sourceTree = "<group>"; };
		C0E897B370ABEBC008AC9858 /* Pods-shuttleX.debug.xcconfig */ = {isa = PBXFileReference; includeInIndex = 1; lastKnownFileType = text.xcconfig; name = "Pods-shuttleX.debug.xcconfig"; path = "Target Support Files/Pods-shuttleX/Pods-shuttleX.debug.xcconfig"; sourceTree = "<group>"; };
/* End PBXFileReference section */

/* Begin PBXFrameworksBuildPhase section */
		A609415C2331465C0020C58C /* Frameworks */ = {
			isa = PBXFrameworksBuildPhase;
			buildActionMask = 2147483647;
			files = (
				770AF86B7E0706FC23FF2224 /* Pods_shuttleX.framework in Frameworks */,
				A60941892337C2B50020C58C /* Shuttle.a in Frameworks */,
			);
			runOnlyForDeploymentPostprocessing = 0;
		};
/* End PBXFrameworksBuildPhase section */

/* Begin PBXGroup section */
		13EC03AB47CD6F89C6C8C5C3 /* Frameworks */ = {
			isa = PBXGroup;
			children = (
				1CC382BA5613B0ED6CB62FC2 /* Pods_shuttleX.framework */,
			);
			name = Frameworks;
			sourceTree = "<group>";
		};
		A60941562331465C0020C58C = {
			isa = PBXGroup;
			children = (
				A60941612331465C0020C58C /* shuttleX */,
				A60941602331465C0020C58C /* Products */,
				F4B07AF4B21978AEA5738383 /* Pods */,
				13EC03AB47CD6F89C6C8C5C3 /* Frameworks */,
			);
			sourceTree = "<group>";
		};
		A60941602331465C0020C58C /* Products */ = {
			isa = PBXGroup;
			children = (
				A609415F2331465C0020C58C /* shuttleX.app */,
			);
			name = Products;
			sourceTree = "<group>";
		};
		A60941612331465C0020C58C /* shuttleX */ = {
			isa = PBXGroup;
			children = (
				A657ED102339500E00169060 /* top.sipt.ShuttleX.Helper */,
				A609417F2337B3600020C58C /* ShuttleCore */,
				A609417C2336A06C0020C58C /* menu */,
				A609417923368DCA0020C58C /* Resources */,
				A609417123368A9F0020C58C /* Assets.xcassets */,
				A60941622331465C0020C58C /* AppDelegate.swift */,
				A60941662331465E0020C58C /* Main.storyboard */,
				A60941692331465E0020C58C /* Info.plist */,
				A609416A2331465E0020C58C /* shuttleX.entitlements */,
				A609417323368CDA0020C58C /* MainMenu.xib */,
				A609417723368D4E0020C58C /* StatusMenu.xib */,
			);
			path = shuttleX;
			sourceTree = "<group>";
		};
		A609417923368DCA0020C58C /* Resources */ = {
			isa = PBXGroup;
			children = (
				A609417A23368E280020C58C /* GeoLite2-Country.mmdb */,
			);
			path = Resources;
			sourceTree = "<group>";
		};
		A609417C2336A06C0020C58C /* menu */ = {
			isa = PBXGroup;
			children = (
				A609417D2336A08F0020C58C /* StatusMenu.swift */,
			);
			path = menu;
			sourceTree = "<group>";
		};
		A609417F2337B3600020C58C /* ShuttleCore */ = {
			isa = PBXGroup;
			children = (
				A60941872337C2B50020C58C /* Shuttle.a */,
				A60941882337C2B50020C58C /* Shuttle.h */,
				A60941862337B7130020C58C /* Shuttle-Bridging-Header.h */,
			);
			path = ShuttleCore;
			sourceTree = "<group>";
		};
		A657ED0D233927D100169060 /* ProxySettings */ = {
			isa = PBXGroup;
			children = (
				A657ED0E233927EC00169060 /* ProxySettings.swift */,
			);
			path = ProxySettings;
			sourceTree = "<group>";
		};
		A657ED102339500E00169060 /* top.sipt.ShuttleX.Helper */ = {
			isa = PBXGroup;
			children = (
				A657ED0D233927D100169060 /* ProxySettings */,
				A657ED11233950B500169060 /* Helper.swift */,
			);
			path = top.sipt.ShuttleX.Helper;
			sourceTree = "<group>";
		};
		F4B07AF4B21978AEA5738383 /* Pods */ = {
			isa = PBXGroup;
			children = (
				C0E897B370ABEBC008AC9858 /* Pods-shuttleX.debug.xcconfig */,
				AE3B4AFB98B009B93E89E35D /* Pods-shuttleX.release.xcconfig */,
			);
			path = Pods;
			sourceTree = "<group>";
		};
/* End PBXGroup section */

/* Begin PBXNativeTarget section */
		A609415E2331465C0020C58C /* shuttleX */ = {
			isa = PBXNativeTarget;
			buildConfigurationList = A609416D2331465E0020C58C /* Build configuration list for PBXNativeTarget "shuttleX" */;
			buildPhases = (
				D2724514E3B4C424D1D89430 /* [CP] Check Pods Manifest.lock */,
				A609415B2331465C0020C58C /* Sources */,
				A609415C2331465C0020C58C /* Frameworks */,
				A609415D2331465C0020C58C /* Resources */,
				0FB323776A3CB74A995DB216 /* [CP] Embed Pods Frameworks */,
			);
			buildRules = (
			);
			dependencies = (
			);
			name = shuttleX;
			productName = shuttleX;
			productReference = A609415F2331465C0020C58C /* shuttleX.app */;
			productType = "com.apple.product-type.application";
		};
/* End PBXNativeTarget section */

/* Begin PBXProject section */
		A60941572331465C0020C58C /* Project object */ = {
			isa = PBXProject;
			attributes = {
				LastSwiftUpdateCheck = 1100;
				LastUpgradeCheck = 1100;
				ORGANIZATIONNAME = sipt;
				TargetAttributes = {
					A609415E2331465C0020C58C = {
						CreatedOnToolsVersion = 11.0;
					};
				};
			};
			buildConfigurationList = A609415A2331465C0020C58C /* Build configuration list for PBXProject "shuttleX" */;
			compatibilityVersion = "Xcode 9.3";
			developmentRegion = en;
			hasScannedForEncodings = 0;
			knownRegions = (
				en,
				Base,
			);
			mainGroup = A60941562331465C0020C58C;
			productRefGroup = A60941602331465C0020C58C /* Products */;
			projectDirPath = "";
			projectRoot = "";
			targets = (
				A609415E2331465C0020C58C /* shuttleX */,
			);
		};
/* End PBXProject section */

/* Begin PBXResourcesBuildPhase section */
		A609415D2331465C0020C58C /* Resources */ = {
			isa = PBXResourcesBuildPhase;
			buildActionMask = 2147483647;
			files = (
				A609417823368D4E0020C58C /* StatusMenu.xib in Resources */,
				A609417223368A9F0020C58C /* Assets.xcassets in Resources */,
				A609417B23368E290020C58C /* GeoLite2-Country.mmdb in Resources */,
				A60941682331465E0020C58C /* Main.storyboard in Resources */,
				A609417423368CDA0020C58C /* MainMenu.xib in Resources */,
			);
			runOnlyForDeploymentPostprocessing = 0;
		};
/* End PBXResourcesBuildPhase section */

/* Begin PBXShellScriptBuildPhase section */
		0FB323776A3CB74A995DB216 /* [CP] Embed Pods Frameworks */ = {
			isa = PBXShellScriptBuildPhase;
			buildActionMask = 2147483647;
			files = (
			);
			inputFileListPaths = (
			);
			inputPaths = (
				"${PODS_ROOT}/Target Support Files/Pods-shuttleX/Pods-shuttleX-frameworks.sh",
				"${BUILT_PRODUCTS_DIR}/Alamofire/Alamofire.framework",
				"${BUILT_PRODUCTS_DIR}/CocoaLumberjack/CocoaLumberjack.framework",
				"${BUILT_PRODUCTS_DIR}/LetsMove/LetsMove.framework",
				"${BUILT_PRODUCTS_DIR}/RxCocoa/RxCocoa.framework",
				"${BUILT_PRODUCTS_DIR}/RxSwift/RxSwift.framework",
				"${PODS_ROOT}/Sparkle/Sparkle.framework",
				"${PODS_ROOT}/Sparkle/Sparkle.framework.dSYM",
				"${BUILT_PRODUCTS_DIR}/SwiftyJSON/SwiftyJSON.framework",
				"${BUILT_PRODUCTS_DIR}/WebViewJavascriptBridge/WebViewJavascriptBridge.framework",
				"${BUILT_PRODUCTS_DIR}/Yams/Yams.framework",
			);
			name = "[CP] Embed Pods Frameworks";
			outputFileListPaths = (
			);
			outputPaths = (
				"${TARGET_BUILD_DIR}/${FRAMEWORKS_FOLDER_PATH}/Alamofire.framework",
				"${TARGET_BUILD_DIR}/${FRAMEWORKS_FOLDER_PATH}/CocoaLumberjack.framework",
				"${TARGET_BUILD_DIR}/${FRAMEWORKS_FOLDER_PATH}/LetsMove.framework",
				"${TARGET_BUILD_DIR}/${FRAMEWORKS_FOLDER_PATH}/RxCocoa.framework",
				"${TARGET_BUILD_DIR}/${FRAMEWORKS_FOLDER_PATH}/RxSwift.framework",
				"${TARGET_BUILD_DIR}/${FRAMEWORKS_FOLDER_PATH}/Sparkle.framework",
				"${DWARF_DSYM_FOLDER_PATH}/Sparkle.framework.dSYM",
				"${TARGET_BUILD_DIR}/${FRAMEWORKS_FOLDER_PATH}/SwiftyJSON.framework",
				"${TARGET_BUILD_DIR}/${FRAMEWORKS_FOLDER_PATH}/WebViewJavascriptBridge.framework",
				"${TARGET_BUILD_DIR}/${FRAMEWORKS_FOLDER_PATH}/Yams.framework",
			);
			runOnlyForDeploymentPostprocessing = 0;
			shellPath = /bin/sh;
			shellScript = "\"${PODS_ROOT}/Target Support Files/Pods-shuttleX/Pods-shuttleX-frameworks.sh\"\n";
			showEnvVarsInLog = 0;
		};
		D2724514E3B4C424D1D89430 /* [CP] Check Pods Manifest.lock */ = {
			isa = PBXShellScriptBuildPhase;
			buildActionMask = 2147483647;
			files = (
			);
			inputFileListPaths = (
			);
			inputPaths = (
				"${PODS_PODFILE_DIR_PATH}/Podfile.lock",
				"${PODS_ROOT}/Manifest.lock",
			);
			name = "[CP] Check Pods Manifest.lock";
			outputFileListPaths = (
			);
			outputPaths = (
				"$(DERIVED_FILE_DIR)/Pods-shuttleX-checkManifestLockResult.txt",
			);
			runOnlyForDeploymentPostprocessing = 0;
			shellPath = /bin/sh;
			shellScript = "diff \"${PODS_PODFILE_DIR_PATH}/Podfile.lock\" \"${PODS_ROOT}/Manifest.lock\" > /dev/null\nif [ $? != 0 ] ; then\n    # print error to STDERR\n    echo \"error: The sandbox is not in sync with the Podfile.lock. Run 'pod install' or update your CocoaPods installation.\" >&2\n    exit 1\nfi\n# This output is used by Xcode 'outputs' to avoid re-running this script phase.\necho \"SUCCESS\" > \"${SCRIPT_OUTPUT_FILE_0}\"\n";
			showEnvVarsInLog = 0;
		};
/* End PBXShellScriptBuildPhase section */

/* Begin PBXSourcesBuildPhase section */
		A609415B2331465C0020C58C /* Sources */ = {
			isa = PBXSourcesBuildPhase;
			buildActionMask = 2147483647;
			files = (
				A609417E2336A08F0020C58C /* StatusMenu.swift in Sources */,
				A657ED0F233927EC00169060 /* ProxySettings.swift in Sources */,
				A60941632331465C0020C58C /* AppDelegate.swift in Sources */,
				A657ED12233950B500169060 /* Helper.swift in Sources */,
			);
			runOnlyForDeploymentPostprocessing = 0;
		};
/* End PBXSourcesBuildPhase section */

/* Begin PBXVariantGroup section */
		A60941662331465E0020C58C /* Main.storyboard */ = {
			isa = PBXVariantGroup;
			children = (
				A60941672331465E0020C58C /* Base */,
			);
			name = Main.storyboard;
			sourceTree = "<group>";
		};
/* End PBXVariantGroup section */

/* Begin XCBuildConfiguration section */
		A609416B2331465E0020C58C /* Debug */ = {
			isa = XCBuildConfiguration;
			buildSettings = {
				ALWAYS_SEARCH_USER_PATHS = NO;
				CLANG_ANALYZER_NONNULL = YES;
				CLANG_ANALYZER_NUMBER_OBJECT_CONVERSION = YES_AGGRESSIVE;
				CLANG_CXX_LANGUAGE_STANDARD = "gnu++14";
				CLANG_CXX_LIBRARY = "libc++";
				CLANG_ENABLE_MODULES = YES;
				CLANG_ENABLE_OBJC_ARC = YES;
				CLANG_ENABLE_OBJC_WEAK = YES;
				CLANG_WARN_BLOCK_CAPTURE_AUTORELEASING = YES;
				CLANG_WARN_BOOL_CONVERSION = YES;
				CLANG_WARN_COMMA = YES;
				CLANG_WARN_CONSTANT_CONVERSION = YES;
				CLANG_WARN_DEPRECATED_OBJC_IMPLEMENTATIONS = YES;
				CLANG_WARN_DIRECT_OBJC_ISA_USAGE = YES_ERROR;
				CLANG_WARN_DOCUMENTATION_COMMENTS = YES;
				CLANG_WARN_EMPTY_BODY = YES;
				CLANG_WARN_ENUM_CONVERSION = YES;
				CLANG_WARN_INFINITE_RECURSION = YES;
				CLANG_WARN_INT_CONVERSION = YES;
				CLANG_WARN_NON_LITERAL_NULL_CONVERSION = YES;
				CLANG_WARN_OBJC_IMPLICIT_RETAIN_SELF = YES;
				CLANG_WARN_OBJC_LITERAL_CONVERSION = YES;
				CLANG_WARN_OBJC_ROOT_CLASS = YES_ERROR;
				CLANG_WARN_RANGE_LOOP_ANALYSIS = YES;
				CLANG_WARN_STRICT_PROTOTYPES = YES;
				CLANG_WARN_SUSPICIOUS_MOVE = YES;
				CLANG_WARN_UNGUARDED_AVAILABILITY = YES_AGGRESSIVE;
				CLANG_WARN_UNREACHABLE_CODE = YES;
				CLANG_WARN__DUPLICATE_METHOD_MATCH = YES;
				COPY_PHASE_STRIP = NO;
				DEBUG_INFORMATION_FORMAT = dwarf;
				ENABLE_STRICT_OBJC_MSGSEND = YES;
				ENABLE_TESTABILITY = YES;
				GCC_C_LANGUAGE_STANDARD = gnu11;
				GCC_DYNAMIC_NO_PIC = NO;
				GCC_NO_COMMON_BLOCKS = YES;
				GCC_OPTIMIZATION_LEVEL = 0;
				GCC_PREPROCESSOR_DEFINITIONS = (
					"DEBUG=1",
					"$(inherited)",
				);
				GCC_WARN_64_TO_32_BIT_CONVERSION = YES;
				GCC_WARN_ABOUT_RETURN_TYPE = YES_ERROR;
				GCC_WARN_UNDECLARED_SELECTOR = YES;
				GCC_WARN_UNINITIALIZED_AUTOS = YES_AGGRESSIVE;
				GCC_WARN_UNUSED_FUNCTION = YES;
				GCC_WARN_UNUSED_VARIABLE = YES;
				MACOSX_DEPLOYMENT_TARGET = 10.14;
				MTL_ENABLE_DEBUG_INFO = INCLUDE_SOURCE;
				MTL_FAST_MATH = YES;
				ONLY_ACTIVE_ARCH = YES;
				SDKROOT = macosx;
				SWIFT_ACTIVE_COMPILATION_CONDITIONS = DEBUG;
				SWIFT_OBJC_BRIDGING_HEADER = "${PRODUCT_NAME}/ShuttleCore/Shuttle-Bridging-Header.h";
				SWIFT_OPTIMIZATION_LEVEL = "-Onone";
			};
			name = Debug;
		};
		A609416C2331465E0020C58C /* Release */ = {
			isa = XCBuildConfiguration;
			buildSettings = {
				ALWAYS_SEARCH_USER_PATHS = NO;
				CLANG_ANALYZER_NONNULL = YES;
				CLANG_ANALYZER_NUMBER_OBJECT_CONVERSION = YES_AGGRESSIVE;
				CLANG_CXX_LANGUAGE_STANDARD = "gnu++14";
				CLANG_CXX_LIBRARY = "libc++";
				CLANG_ENABLE_MODULES = YES;
				CLANG_ENABLE_OBJC_ARC = YES;
				CLANG_ENABLE_OBJC_WEAK = YES;
				CLANG_WARN_BLOCK_CAPTURE_AUTORELEASING = YES;
				CLANG_WARN_BOOL_CONVERSION = YES;
				CLANG_WARN_COMMA = YES;
				CLANG_WARN_CONSTANT_CONVERSION = YES;
				CLANG_WARN_DEPRECATED_OBJC_IMPLEMENTATIONS = YES;
				CLANG_WARN_DIRECT_OBJC_ISA_USAGE = YES_ERROR;
				CLANG_WARN_DOCUMENTATION_COMMENTS = YES;
				CLANG_WARN_EMPTY_BODY = YES;
				CLANG_WARN_ENUM_CONVERSION = YES;
				CLANG_WARN_INFINITE_RECURSION = YES;
				CLANG_WARN_INT_CONVERSION = YES;
				CLANG_WARN_NON_LITERAL_NULL_CONVERSION = YES;
				CLANG_WARN_OBJC_IMPLICIT_RETAIN_SELF = YES;
				CLANG_WARN_OBJC_LITERAL_CONVERSION = YES;
				CLANG_WARN_OBJC_ROOT_CLASS = YES_ERROR;
				CLANG_WARN_RANGE_LOOP_ANALYSIS = YES;
				CLANG_WARN_STRICT_PROTOTYPES = YES;
				CLANG_WARN_SUSPICIOUS_MOVE = YES;
				CLANG_WARN_UNGUARDED_AVAILABILITY = YES_AGGRESSIVE;
				CLANG_WARN_UNREACHABLE_CODE = YES;
				CLANG_WARN__DUPLICATE_METHOD_MATCH = YES;
				COPY_PHASE_STRIP = NO;
				DEBUG_INFORMATION_FORMAT = "dwarf-with-dsym";
				ENABLE_NS_ASSERTIONS = NO;
				ENABLE_STRICT_OBJC_MSGSEND = YES;
				GCC_C_LANGUAGE_STANDARD = gnu11;
				GCC_NO_COMMON_BLOCKS = YES;
				GCC_WARN_64_TO_32_BIT_CONVERSION = YES;
				GCC_WARN_ABOUT_RETURN_TYPE = YES_ERROR;
				GCC_WARN_UNDECLARED_SELECTOR = YES;
				GCC_WARN_UNINITIALIZED_AUTOS = YES_AGGRESSIVE;
				GCC_WARN_UNUSED_FUNCTION = YES;
				GCC_WARN_UNUSED_VARIABLE = YES;
				MACOSX_DEPLOYMENT_TARGET = 10.14;
				MTL_ENABLE_DEBUG_INFO = NO;
				MTL_FAST_MATH = YES;
				SDKROOT = macosx;
				SWIFT_COMPILATION_MODE = wholemodule;
				SWIFT_OBJC_BRIDGING_HEADER = "${PRODUCT_NAME}/ShuttleCore/Shuttle-Bridging-Header.h";
				SWIFT_OPTIMIZATION_LEVEL = "-O";
			};
			name = Release;
		};
		A609416E2331465E0020C58C /* Debug */ = {
			isa = XCBuildConfiguration;
			baseConfigurationReference = C0E897B370ABEBC008AC9858 /* Pods-shuttleX.debug.xcconfig */;
			buildSettings = {
				ASSETCATALOG_COMPILER_APPICON_NAME = AppIcon;
				CODE_SIGN_ENTITLEMENTS = shuttleX/shuttleX.entitlements;
				CODE_SIGN_STYLE = Automatic;
				COMBINE_HIDPI_IMAGES = YES;
				DEVELOPMENT_TEAM = 34D4U5A5CW;
				ENABLE_HARDENED_RUNTIME = YES;
				INFOPLIST_FILE = shuttleX/Info.plist;
				LD_RUNPATH_SEARCH_PATHS = (
					"$(inherited)",
					"@executable_path/../Frameworks",
				);
				LIBRARY_SEARCH_PATHS = (
					"$(inherited)",
					"$(PROJECT_DIR)/shuttleX/ShuttleCore",
					"$(PROJECT_DIR)/shuttleX/Resources",
				);
				PRODUCT_BUNDLE_IDENTIFIER = top.sipt.shuttleX;
				PRODUCT_NAME = "$(TARGET_NAME)";
				SWIFT_VERSION = 5.0;
			};
			name = Debug;
		};
		A609416F2331465E0020C58C /* Release */ = {
			isa = XCBuildConfiguration;
			baseConfigurationReference = AE3B4AFB98B009B93E89E35D /* Pods-shuttleX.release.xcconfig */;
			buildSettings = {
				ASSETCATALOG_COMPILER_APPICON_NAME = AppIcon;
				CODE_SIGN_ENTITLEMENTS = shuttleX/shuttleX.entitlements;
				CODE_SIGN_STYLE = Automatic;
				COMBINE_HIDPI_IMAGES = YES;
				DEVELOPMENT_TEAM = 34D4U5A5CW;
				ENABLE_HARDENED_RUNTIME = YES;
				INFOPLIST_FILE = shuttleX/Info.plist;
				LD_RUNPATH_SEARCH_PATHS = (
					"$(inherited)",
					"@executable_path/../Frameworks",
				);
				LIBRARY_SEARCH_PATHS = (
					"$(inherited)",
					"$(PROJECT_DIR)/shuttleX/ShuttleCore",
					"$(PROJECT_DIR)/shuttleX/Resources",
				);
				PRODUCT_BUNDLE_IDENTIFIER = top.sipt.shuttleX;
				PRODUCT_NAME = "$(TARGET_NAME)";
				SWIFT_VERSION = 5.0;
			};
			name = Release;
		};
/* End XCBuildConfiguration section */

/* Begin XCConfigurationList section */
		A609415A2331465C0020C58C /* Build configuration list for PBXProject "shuttleX" */ = {
			isa = XCConfigurationList;
			buildConfigurations = (
				A609416B2331465E0020C58C /* Debug */,
				A609416C2331465E0020C58C /* Release */,
			);
			defaultConfigurationIsVisible = 0;
			defaultConfigurationName = Release;
		};
		A609416D2331465E0020C58C /* Build configuration list for PBXNativeTarget "shuttleX" */ = {
			isa = XCConfigurationList;
			buildConfigurations = (
				A609416E2331465E0020C58C /* Debug */,
				A609416F2331465E0020C58C /* Release */,
			);
			defaultConfigurationIsVisible = 0;
			defaultConfigurationName = Release;
		};
/* End XCConfigurationList section */
	};
	rootObject = A60941572331465C0020C58C /* Project object */;
}
